
Microsoft Visual Studio Solution File, Format Version 12.00
# Visual Studio Version 17
VisualStudioVersion = 17.5.002.0
MinimumVisualStudioVersion = 10.0.40219.1
Project("{9A19103F-16F7-4668-BE54-9A1E7A4F7556}") = "lab01-zodiac-kira", "lab01-zodiac-kira.csproj", "{CA136415-ADEC-4686-A584-B1747764C94A}"
EndProject
Global
	GlobalSection(SolutionConfigurationPlatforms) = preSolution
		Debug|Any CPU = Debug|Any CPU
		Release|Any CPU = Release|Any CPU
	EndGlobalSection
	GlobalSection(ProjectConfigurationPlatforms) = postSolution
		{CA136415-ADEC-4686-A584-B1747764C94A}.Debug|Any CPU.ActiveCfg = Debug|Any CPU
		{CA136415-ADEC-4686-A584-B1747764C94A}.Debug|Any CPU.Build.0 = Debug|Any CPU
		{CA136415-ADEC-4686-A584-B1747764C94A}.Release|Any CPU.ActiveCfg = Release|Any CPU
		{CA136415-ADEC-4686-A584-B1747764C94A}.Release|Any CPU.Build.0 = Release|Any CPU
	EndGlobalSection
	GlobalSection(SolutionProperties) = preSolution
		HideSolutionNode = FALSE
	EndGlobalSection
	GlobalSection(ExtensibilityGlobals) = postSolution
		SolutionGuid = {58A2B39A-C20A-4A96-8A3B-FE22BB8276A8}
	EndGlobalSection
EndGlobal
